
Microsoft Visual Studio Solution File, Format Version 12.00
# Visual Studio 15
VisualStudioVersion = 15.0.28010.2016
MinimumVisualStudioVersion = 10.0.40219.1
Project("{FAE04EC0-301F-11D3-BF4B-00C04F79EFBC}") = "OOP Prime Numbers", "OOP Prime Numbers\OOP Prime Numbers.csproj", "{4E6C516E-FCD3-49C9-AAC6-B90FD297F8FB}"
EndProject
Global
	GlobalSection(SolutionConfigurationPlatforms) = preSolution
		Debug|Any CPU = Debug|Any CPU
		Release|Any CPU = Release|Any CPU
	EndGlobalSection
	GlobalSection(ProjectConfigurationPlatforms) = postSolution
		{4E6C516E-FCD3-49C9-AAC6-B90FD297F8FB}.Debug|Any CPU.ActiveCfg = Debug|Any CPU
		{4E6C516E-FCD3-49C9-AAC6-B90FD297F8FB}.Debug|Any CPU.Build.0 = Debug|Any CPU
		{4E6C516E-FCD3-49C9-AAC6-B90FD297F8FB}.Release|Any CPU.ActiveCfg = Release|Any CPU
		{4E6C516E-FCD3-49C9-AAC6-B90FD297F8FB}.Release|Any CPU.Build.0 = Release|Any CPU
	EndGlobalSection
	GlobalSection(SolutionProperties) = preSolution
		HideSolutionNode = FALSE
	EndGlobalSection
	GlobalSection(ExtensibilityGlobals) = postSolution
		SolutionGuid = {20BBF472-B56B-46D2-931F-FD2DD2F3386D}
	EndGlobalSection
EndGlobal
